# THIS IS AN AUTOGENERATED FILE. DO NOT EDIT THIS FILE DIRECTLY.
# yarn lockfile v1


lottie-web@^5.9.6:
  version "5.9.6"
  resolved "https://registry.yarnpkg.com/lottie-web/-/lottie-web-5.9.6.tgz#62ae68563355d3e04aa75d53dec3dd4bea0e57c9"
  integrity sha512-JFs7KsHwflugH5qIXBpB4905yC1Sub2MZWtl/elvO/QC6qj1ApqbUZJyjzJseJUtVpgiDaXQLjBlIJGS7UUUXA==
